
Microsoft Visual Studio Solution File, Format Version 12.00
Project("{FAE04EC0-301F-11D3-BF4B-00C04F79EFBC}") = "WEB_253504_RESHETNEV", "WEB_253504_RESHETNEV\WEB_253504_RESHETNEV.csproj", "{F97D7AC7-0F02-45F3-94EA-4C6C13DC45CA}"
EndProject
Project("{FAE04EC0-301F-11D3-BF4B-00C04F79EFBC}") = "WEB_253504_RESHETNEV.Domain", "WEB_253504_RESHETNEV.Domain\WEB_253504_RESHETNEV.Domain.csproj", "{2741AD5F-D084-4D6C-A334-DBC51BCB79F7}"
EndProject
Global
	GlobalSection(SolutionConfigurationPlatforms) = preSolution
		Debug|Any CPU = Debug|Any CPU
		Release|Any CPU = Release|Any CPU
	EndGlobalSection
	GlobalSection(ProjectConfigurationPlatforms) = postSolution
		{F97D7AC7-0F02-45F3-94EA-4C6C13DC45CA}.Debug|Any CPU.ActiveCfg = Debug|Any CPU
		{F97D7AC7-0F02-45F3-94EA-4C6C13DC45CA}.Debug|Any CPU.Build.0 = Debug|Any CPU
		{F97D7AC7-0F02-45F3-94EA-4C6C13DC45CA}.Release|Any CPU.ActiveCfg = Release|Any CPU
		{F97D7AC7-0F02-45F3-94EA-4C6C13DC45CA}.Release|Any CPU.Build.0 = Release|Any CPU
		{2741AD5F-D084-4D6C-A334-DBC51BCB79F7}.Debug|Any CPU.ActiveCfg = Debug|Any CPU
		{2741AD5F-D084-4D6C-A334-DBC51BCB79F7}.Debug|Any CPU.Build.0 = Debug|Any CPU
		{2741AD5F-D084-4D6C-A334-DBC51BCB79F7}.Release|Any CPU.ActiveCfg = Release|Any CPU
		{2741AD5F-D084-4D6C-A334-DBC51BCB79F7}.Release|Any CPU.Build.0 = Release|Any CPU
	EndGlobalSection
EndGlobal
